
Microsoft Visual Studio Solution File, Format Version 12.00
# Visual Studio Version 17
VisualStudioVersion = 17.4.33103.184
MinimumVisualStudioVersion = 10.0.40219.1
Project("{FAE04EC0-301F-11D3-BF4B-00C04F79EFBC}") = "AssessmentProject", "AssessmentProject.csproj", "{791EADC8-9D9B-47C0-B3AA-C707B8F0F861}"
EndProject
Global
	GlobalSection(SolutionConfigurationPlatforms) = preSolution
		Debug|Any CPU = Debug|Any CPU
		Release|Any CPU = Release|Any CPU
	EndGlobalSection
	GlobalSection(ProjectConfigurationPlatforms) = postSolution
		{791EADC8-9D9B-47C0-B3AA-C707B8F0F861}.Debug|Any CPU.ActiveCfg = Debug|Any CPU
		{791EADC8-9D9B-47C0-B3AA-C707B8F0F861}.Debug|Any CPU.Build.0 = Debug|Any CPU
		{791EADC8-9D9B-47C0-B3AA-C707B8F0F861}.Release|Any CPU.ActiveCfg = Release|Any CPU
		{791EADC8-9D9B-47C0-B3AA-C707B8F0F861}.Release|Any CPU.Build.0 = Release|Any CPU
	EndGlobalSection
	GlobalSection(SolutionProperties) = preSolution
		HideSolutionNode = FALSE
	EndGlobalSection
	GlobalSection(ExtensibilityGlobals) = postSolution
		SolutionGuid = {4B3D32F6-4CBC-4287-AEC7-DCAFA1FFBB70}
	EndGlobalSection
EndGlobal
